
Microsoft Visual Studio Solution File, Format Version 12.00
# Visual Studio Version 17
VisualStudioVersion = 17.7.34221.43
MinimumVisualStudioVersion = 10.0.40219.1
Project("{FAE04EC0-301F-11D3-BF4B-00C04F79EFBC}") = "AwaraIT", "AwaraIT\AwaraIT.csproj", "{731A7879-F63E-4D50-8358-CCBF6CE2257E}"
EndProject
Global
	GlobalSection(SolutionConfigurationPlatforms) = preSolution
		Debug|Any CPU = Debug|Any CPU
		Release|Any CPU = Release|Any CPU
	EndGlobalSection
	GlobalSection(ProjectConfigurationPlatforms) = postSolution
		{731A7879-F63E-4D50-8358-CCBF6CE2257E}.Debug|Any CPU.ActiveCfg = Debug|Any CPU
		{731A7879-F63E-4D50-8358-CCBF6CE2257E}.Debug|Any CPU.Build.0 = Debug|Any CPU
		{731A7879-F63E-4D50-8358-CCBF6CE2257E}.Release|Any CPU.ActiveCfg = Release|Any CPU
		{731A7879-F63E-4D50-8358-CCBF6CE2257E}.Release|Any CPU.Build.0 = Release|Any CPU
	EndGlobalSection
	GlobalSection(SolutionProperties) = preSolution
		HideSolutionNode = FALSE
	EndGlobalSection
	GlobalSection(ExtensibilityGlobals) = postSolution
		SolutionGuid = {BA447A2F-3C46-41D6-A7CC-B9729FF83559}
	EndGlobalSection
EndGlobal
